// !$*UTF8*$!
{
	archiveVersion = 1;
	classes = {
	};
	objectVersion = 46;
	objects = {

/* Begin PBXBuildFile section */
		27126A9C1FB450B40016BCE4 /* main.m in Sources */ = {isa = PBXBuildFile; fileRef = 27126A9B1FB450B40016BCE4 /* main.m */; };
		27126A9F1FB450B40016BCE4 /* AppDelegate.m in Sources */ = {isa = PBXBuildFile; fileRef = 27126A9E1FB450B40016BCE4 /* AppDelegate.m */; };
		27126AA21FB450B40016BCE4 /* ViewController.m in Sources */ = {isa = PBXBuildFile; fileRef = 27126AA11FB450B40016BCE4 /* ViewController.m */; };
		27126AA51FB450B40016BCE4 /* Main.storyboard in Resources */ = {isa = PBXBuildFile; fileRef = 27126AA31FB450B40016BCE4 /* Main.storyboard */; };
		27126AA71FB450B40016BCE4 /* Assets.xcassets in Resources */ = {isa = PBXBuildFile; fileRef = 27126AA61FB450B40016BCE4 /* Assets.xcassets */; };
		27126AAA1FB450B40016BCE4 /* LaunchScreen.storyboard in Resources */ = {isa = PBXBuildFile; fileRef = 27126AA81FB450B40016BCE4 /* LaunchScreen.storyboard */; };
/* End PBXBuildFile section */

/* Begin PBXFileReference section */
		27126A971FB450B40016BCE4 /* HTTPS.app */ = {isa = PBXFileReference; explicitFileType = wrapper.application; includeInIndex = 0; path = HTTPS.app; sourceTree = BUILT_PRODUCTS_DIR; };
		27126A9B1FB450B40016BCE4 /* main.m */ = {isa = PBXFileReference; lastKnownFileType = sourcecode.c.objc; path = main.m; sourceTree = "<group>"; };
		27126A9D1FB450B40016BCE4 /* AppDelegate.h */ = {isa = PBXFileReference; lastKnownFileType = sourcecode.c.h; path = AppDelegate.h; sourceTree = "<group>"; };
		27126A9E1FB450B40016BCE4 /* AppDelegate.m */ = {isa = PBXFileReference; lastKnownFileType = sourcecode.c.objc; path = AppDelegate.m; sourceTree = "<group>"; };
		27126AA01FB450B40016BCE4 /* ViewController.h */ = {isa = PBXFileReference; lastKnownFileType = sourcecode.c.h; path = ViewController.h; sourceTree = "<group>"; };
		27126AA11FB450B40016BCE4 /* ViewController.m */ = {isa = PBXFileReference; lastKnownFileType = sourcecode.c.objc; path = ViewController.m; sourceTree = "<group>"; };
		27126AA41FB450B40016BCE4 /* Base */ = {isa = PBXFileReference; lastKnownFileType = file.storyboard; name = Base; path = Base.lproj/Main.storyboard; sourceTree = "<group>"; };
		27126AA61FB450B40016BCE4 /* Assets.xcassets */ = {isa = PBXFileReference; lastKnownFileType = folder.assetcatalog; path = Assets.xcassets; sourceTree = "<group>"; };
		27126AA91FB450B40016BCE4 /* Base */ = {isa = PBXFileReference; lastKnownFileType = file.storyboard; name = Base; path = Base.lproj/LaunchScreen.storyboard; sourceTree = "<group>"; };
		27126AAB1FB450B40016BCE4 /* Info.plist */ = {isa = PBXFileReference; lastKnownFileType = text.plist.xml; path = Info.plist; sourceTree = "<group>"; };
/* End PBXFileReference section */

/* Begin PBXFrameworksBuildPhase section */
		27126A941FB450B40016BCE4 /* Frameworks */ = {
			isa = PBXFrameworksBuildPhase;
			buildActionMask = 2147483647;
			files = (
			);
			runOnlyForDeploymentPostprocessing = 0;
		};
/* End PBXFrameworksBuildPhase section */

/* Begin PBXGroup section */
		27126A8E1FB450B40016BCE4 = {
			isa = PBXGroup;
			children = (
				27126A991FB450B40016BCE4 /* HTTPS */,
				27126A981FB450B40016BCE4 /* Products */,
			);
			sourceTree = "<group>";
		};
		27126A981FB450B40016BCE4 /* Products */ = {
			isa = PBXGroup;
			children = (
				27126A971FB450B40016BCE4 /* HTTPS.app */,
			);
			name = Products;
			sourceTree = "<group>";
		};
		27126A991FB450B40016BCE4 /* HTTPS */ = {
			isa = PBXGroup;
			children = (
				27126A9D1FB450B40016BCE4 /* AppDelegate.h */,
				27126A9E1FB450B40016BCE4 /* AppDelegate.m */,
				27126AA01FB450B40016BCE4 /* ViewController.h */,
				27126AA11FB450B40016BCE4 /* ViewController.m */,
				27126AA31FB450B40016BCE4 /* Main.storyboard */,
				27126AA61FB450B40016BCE4 /* Assets.xcassets */,
				27126AA81FB450B40016BCE4 /* LaunchScreen.storyboard */,
				27126AAB1FB450B40016BCE4 /* Info.plist */,
				27126A9A1FB450B40016BCE4 /* Supporting Files */,
			);
			path = HTTPS;
			sourceTree = "<group>";
		};
		27126A9A1FB450B40016BCE4 /* Supporting Files */ = {
			isa = PBXGroup;
			children = (
				27126A9B1FB450B40016BCE4 /* main.m */,
			);
			name = "Supporting Files";
			sourceTree = "<group>";
		};
/* End PBXGroup section */

/* Begin PBXNativeTarget section */
		27126A961FB450B40016BCE4 /* HTTPS */ = {
			isa = PBXNativeTarget;
			buildConfigurationList = 27126AAE1FB450B40016BCE4 /* Build configuration list for PBXNativeTarget "HTTPS" */;
			buildPhases = (
				27126A931FB450B40016BCE4 /* Sources */,
				27126A941FB450B40016BCE4 /* Frameworks */,
				27126A951FB450B40016BCE4 /* Resources */,
			);
			buildRules = (
			);
			dependencies = (
			);
			name = HTTPS;
			productName = HTTPS;
			productReference = 27126A971FB450B40016BCE4 /* HTTPS.app */;
			productType = "com.apple.product-type.application";
		};
/* End PBXNativeTarget section */

/* Begin PBXProject section */
		27126A8F1FB450B40016BCE4 /* Project object */ = {
			isa = PBXProject;
			attributes = {
				LastUpgradeCheck = 0830;
				ORGANIZATIONNAME = "冀凯旋";
				TargetAttributes = {
					27126A961FB450B40016BCE4 = {
						CreatedOnToolsVersion = 8.3.3;
						DevelopmentTeam = ERSM86PM35;
						ProvisioningStyle = Automatic;
					};
				};
			};
			buildConfigurationList = 27126A921FB450B40016BCE4 /* Build configuration list for PBXProject "HTTPS" */;
			compatibilityVersion = "Xcode 3.2";
			developmentRegion = English;
			hasScannedForEncodings = 0;
			knownRegions = (
				en,
				Base,
			);
			mainGroup = 27126A8E1FB450B40016BCE4;
			productRefGroup = 27126A981FB450B40016BCE4 /* Products */;
			projectDirPath = "";
			projectRoot = "";
			targets = (
				27126A961FB450B40016BCE4 /* HTTPS */,
			);
		};
/* End PBXProject section */

/* Begin PBXResourcesBuildPhase section */
		27126A951FB450B40016BCE4 /* Resources */ = {
			isa = PBXResourcesBuildPhase;
			buildActionMask = 2147483647;
			files = (
				27126AAA1FB450B40016BCE4 /* LaunchScreen.storyboard in Resources */,
				27126AA71FB450B40016BCE4 /* Assets.xcassets in Resources */,
				27126AA51FB450B40016BCE4 /* Main.storyboard in Resources */,
			);
			runOnlyForDeploymentPostprocessing = 0;
		};
/* End PBXResourcesBuildPhase section */

/* Begin PBXSourcesBuildPhase section */
		27126A931FB450B40016BCE4 /* Sources */ = {
			isa = PBXSourcesBuildPhase;
			buildActionMask = 2147483647;
			files = (
				27126AA21FB450B40016BCE4 /* ViewController.m in Sources */,
				27126A9F1FB450B40016BCE4 /* AppDelegate.m in Sources */,
				27126A9C1FB450B40016BCE4 /* main.m in Sources */,
			);
			runOnlyForDeploymentPostprocessing = 0;
		};
/* End PBXSourcesBuildPhase section */

/* Begin PBXVariantGroup section */
		27126AA31FB450B40016BCE4 /* Main.storyboard */ = {
			isa = PBXVariantGroup;
			children = (
				27126AA41FB450B40016BCE4 /* Base */,
			);
			name = Main.storyboard;
			sourceTree = "<group>";
		};
		27126AA81FB450B40016BCE4 /* LaunchScreen.storyboard */ = {
			isa = PBXVariantGroup;
			children = (
				27126AA91FB450B40016BCE4 /* Base */,
			);
			name = LaunchScreen.storyboard;
			sourceTree = "<group>";
		};
/* End PBXVariantGroup section */

/* Begin XCBuildConfiguration section */
		27126AAC1FB450B40016BCE4 /* Debug */ = {
			isa = XCBuildConfiguration;
			buildSettings = {
				ALWAYS_SEARCH_USER_PATHS = NO;
				CLANG_ANALYZER_NONNULL = YES;
				CLANG_ANALYZER_NUMBER_OBJECT_CONVERSION = YES_AGGRESSIVE;
				CLANG_CXX_LANGUAGE_STANDARD = "gnu++0x";
				CLANG_CXX_LIBRARY = "libc++";
				CLANG_ENABLE_MODULES = YES;
				CLANG_ENABLE_OBJC_ARC = YES;
				CLANG_WARN_BOOL_CONVERSION = YES;
				CLANG_WARN_CONSTANT_CONVERSION = YES;
				CLANG_WARN_DIRECT_OBJC_ISA_USAGE = YES_ERROR;
				CLANG_WARN_DOCUMENTATION_COMMENTS = YES;
				CLANG_WARN_EMPTY_BODY = YES;
				CLANG_WARN_ENUM_CONVERSION = YES;
				CLANG_WARN_INFINITE_RECURSION = YES;
				CLANG_WARN_INT_CONVERSION = YES;
				CLANG_WARN_OBJC_ROOT_CLASS = YES_ERROR;
				CLANG_WARN_SUSPICIOUS_MOVE = YES;
				CLANG_WARN_UNREACHABLE_CODE = YES;
				CLANG_WARN__DUPLICATE_METHOD_MATCH = YES;
				"CODE_SIGN_IDENTITY[sdk=iphoneos*]" = "iPhone Developer";
				COPY_PHASE_STRIP = NO;
				DEBUG_INFORMATION_FORMAT = dwarf;
				ENABLE_STRICT_OBJC_MSGSEND = YES;
				ENABLE_TESTABILITY = YES;
				GCC_C_LANGUAGE_STANDARD = gnu99;
				GCC_DYNAMIC_NO_PIC = NO;
				GCC_NO_COMMON_BLOCKS = YES;
				GCC_OPTIMIZATION_LEVEL = 0;
				GCC_PREPROCESSOR_DEFINITIONS = (
					"DEBUG=1",
					"$(inherited)",
				);
				GCC_WARN_64_TO_32_BIT_CONVERSION = YES;
				GCC_WARN_ABOUT_RETURN_TYPE = YES_ERROR;
				GCC_WARN_UNDECLARED_SELECTOR = YES;
				GCC_WARN_UNINITIALIZED_AUTOS = YES_AGGRESSIVE;
				GCC_WARN_UNUSED_FUNCTION = YES;
				GCC_WARN_UNUSED_VARIABLE = YES;
				IPHONEOS_DEPLOYMENT_TARGET = 10.3;
				MTL_ENABLE_DEBUG_INFO = YES;
				ONLY_ACTIVE_ARCH = YES;
				SDKROOT = iphoneos;
			};
			name = Debug;
		};
		27126AAD1FB450B40016BCE4 /* Release */ = {
			isa = XCBuildConfiguration;
			buildSettings = {
				ALWAYS_SEARCH_USER_PATHS = NO;
				CLANG_ANALYZER_NONNULL = YES;
				CLANG_ANALYZER_NUMBER_OBJECT_CONVERSION = YES_AGGRESSIVE;
				CLANG_CXX_LANGUAGE_STANDARD = "gnu++0x";
				CLANG_CXX_LIBRARY = "libc++";
				CLANG_ENABLE_MODULES = YES;
				CLANG_ENABLE_OBJC_ARC = YES;
				CLANG_WARN_BOOL_CONVERSION = YES;
				CLANG_WARN_CONSTANT_CONVERSION = YES;
				CLANG_WARN_DIRECT_OBJC_ISA_USAGE = YES_ERROR;
				CLANG_WARN_DOCUMENTATION_COMMENTS = YES;
				CLANG_WARN_EMPTY_BODY = YES;
				CLANG_WARN_ENUM_CONVERSION = YES;
				CLANG_WARN_INFINITE_RECURSION = YES;
				CLANG_WARN_INT_CONVERSION = YES;
				CLANG_WARN_OBJC_ROOT_CLASS = YES_ERROR;
				CLANG_WARN_SUSPICIOUS_MOVE = YES;
				CLANG_WARN_UNREACHABLE_CODE = YES;
				CLANG_WARN__DUPLICATE_METHOD_MATCH = YES;
				"CODE_SIGN_IDENTITY[sdk=iphoneos*]" = "iPhone Developer";
				COPY_PHASE_STRIP = NO;
				DEBUG_INFORMATION_FORMAT = "dwarf-with-dsym";
				ENABLE_NS_ASSERTIONS = NO;
				ENABLE_STRICT_OBJC_MSGSEND = YES;
				GCC_C_LANGUAGE_STANDARD = gnu99;
				GCC_NO_COMMON_BLOCKS = YES;
				GCC_WARN_64_TO_32_BIT_CONVERSION = YES;
				GCC_WARN_ABOUT_RETURN_TYPE = YES_ERROR;
				GCC_WARN_UNDECLARED_SELECTOR = YES;
				GCC_WARN_UNINITIALIZED_AUTOS = YES_AGGRESSIVE;
				GCC_WARN_UNUSED_FUNCTION = YES;
				GCC_WARN_UNUSED_VARIABLE = YES;
				IPHONEOS_DEPLOYMENT_TARGET = 10.3;
				MTL_ENABLE_DEBUG_INFO = NO;
				SDKROOT = iphoneos;
				VALIDATE_PRODUCT = YES;
			};
			name = Release;
		};
		27126AAF1FB450B40016BCE4 /* Debug */ = {
			isa = XCBuildConfiguration;
			buildSettings = {
				ASSETCATALOG_COMPILER_APPICON_NAME = AppIcon;
				DEVELOPMENT_TEAM = ERSM86PM35;
				INFOPLIST_FILE = HTTPS/Info.plist;
				LD_RUNPATH_SEARCH_PATHS = "$(inherited) @executable_path/Frameworks";
				PRODUCT_BUNDLE_IDENTIFIER = Alexji.HTTPS;
				PRODUCT_NAME = "$(TARGET_NAME)";
			};
			name = Debug;
		};
		27126AB01FB450B40016BCE4 /* Release */ = {
			isa = XCBuildConfiguration;
			buildSettings = {
				ASSETCATALOG_COMPILER_APPICON_NAME = AppIcon;
				DEVELOPMENT_TEAM = ERSM86PM35;
				INFOPLIST_FILE = HTTPS/Info.plist;
				LD_RUNPATH_SEARCH_PATHS = "$(inherited) @executable_path/Frameworks";
				PRODUCT_BUNDLE_IDENTIFIER = Alexji.HTTPS;
				PRODUCT_NAME = "$(TARGET_NAME)";
			};
			name = Release;
		};
/* End XCBuildConfiguration section */

/* Begin XCConfigurationList section */
		27126A921FB450B40016BCE4 /* Build configuration list for PBXProject "HTTPS" */ = {
			isa = XCConfigurationList;
			buildConfigurations = (
				27126AAC1FB450B40016BCE4 /* Debug */,
				27126AAD1FB450B40016BCE4 /* Release */,
			);
			defaultConfigurationIsVisible = 0;
			defaultConfigurationName = Release;
		};
		27126AAE1FB450B40016BCE4 /* Build configuration list for PBXNativeTarget "HTTPS" */ = {
			isa = XCConfigurationList;
			buildConfigurations = (
				27126AAF1FB450B40016BCE4 /* Debug */,
				27126AB01FB450B40016BCE4 /* Release */,
			);
			defaultConfigurationIsVisible = 0;
		};
/* End XCConfigurationList section */
	};
	rootObject = 27126A8F1FB450B40016BCE4 /* Project object */;
}
